
Microsoft Visual Studio Solution File, Format Version 12.00
# Visual Studio 15
Project("{FAE04EC0-301F-11D3-BF4B-00C04F79EFBC}") = "Oculus.Platform", "Oculus.Platform.csproj", "{1EEB108A-1AEB-3679-B30E-2FF90B346BC9}"
EndProject
Project("{FAE04EC0-301F-11D3-BF4B-00C04F79EFBC}") = "Assembly-CSharp", "Assembly-CSharp.csproj", "{86696B99-8A21-4742-2FA4-7665B137999F}"
EndProject
Project("{FAE04EC0-301F-11D3-BF4B-00C04F79EFBC}") = "Oculus.Spatializer", "Oculus.Spatializer.csproj", "{4A554B47-64E2-1A78-DE81-7A4709BBB9F8}"
EndProject
Project("{FAE04EC0-301F-11D3-BF4B-00C04F79EFBC}") = "Oculus.Interaction", "Oculus.Interaction.csproj", "{3507476D-57B7-38CF-1D30-A54D78525FAA}"
EndProject
Project("{FAE04EC0-301F-11D3-BF4B-00C04F79EFBC}") = "Oculus.VR", "Oculus.VR.csproj", "{17CAABD8-AA7A-04EA-AC5B-41027FEB6A27}"
EndProject
Project("{FAE04EC0-301F-11D3-BF4B-00C04F79EFBC}") = "Oculus.Interaction.Samples", "Oculus.Interaction.Samples.csproj", "{CEBC7DA8-D026-3723-0A38-F31371C95690}"
EndProject
Project("{FAE04EC0-301F-11D3-BF4B-00C04F79EFBC}") = "Facebook.WitAI", "Facebook.WitAI.csproj", "{0B58DA7C-1556-01D9-4669-D8C3C132DA49}"
EndProject
Project("{FAE04EC0-301F-11D3-BF4B-00C04F79EFBC}") = "Oculus.AudioManager", "Oculus.AudioManager.csproj", "{40238839-A405-44E6-9CB6-0AF89D38E78F}"
EndProject
Project("{FAE04EC0-301F-11D3-BF4B-00C04F79EFBC}") = "VoiceSDK.Runtime", "VoiceSDK.Runtime.csproj", "{51ECE09D-8029-8441-FF39-7D6585823846}"
EndProject
Project("{FAE04EC0-301F-11D3-BF4B-00C04F79EFBC}") = "AssistantCoreSDKRuntime", "AssistantCoreSDKRuntime.csproj", "{581AAEF7-47D7-1DDE-FA69-62671265201F}"
EndProject
Project("{FAE04EC0-301F-11D3-BF4B-00C04F79EFBC}") = "Runtime", "Runtime.csproj", "{26AC3252-B89F-9D9A-6495-0A60BD9F002B}"
EndProject
Project("{FAE04EC0-301F-11D3-BF4B-00C04F79EFBC}") = "Oculus.LipSync", "Oculus.LipSync.csproj", "{FCF7BC7E-7450-CE08-9893-0486E3F5142E}"
EndProject
Project("{FAE04EC0-301F-11D3-BF4B-00C04F79EFBC}") = "Oculus.Interaction.Editor", "Oculus.Interaction.Editor.csproj", "{EF2FB4CE-6C89-13FA-26A0-714F8B75A155}"
EndProject
Project("{FAE04EC0-301F-11D3-BF4B-00C04F79EFBC}") = "Facebook.Wit.Editor", "Facebook.Wit.Editor.csproj", "{BFCB1BA3-DC62-3AD7-538C-24D27BB55033}"
EndProject
Project("{FAE04EC0-301F-11D3-BF4B-00C04F79EFBC}") = "Oculus.Spatializer.Editor", "Oculus.Spatializer.Editor.csproj", "{7450A9D8-4F55-9E32-2A6A-777CDAF0E810}"
EndProject
Project("{FAE04EC0-301F-11D3-BF4B-00C04F79EFBC}") = "Assembly-CSharp-Editor", "Assembly-CSharp-Editor.csproj", "{38C5E817-04E3-0A20-51BC-10A61893C77C}"
EndProject
Project("{FAE04EC0-301F-11D3-BF4B-00C04F79EFBC}") = "Oculus.VR.Editor", "Oculus.VR.Editor.csproj", "{699530D9-B473-4ABB-DC17-31C6CD1C6746}"
EndProject
Project("{FAE04EC0-301F-11D3-BF4B-00C04F79EFBC}") = "VoiceSDK.Editor", "VoiceSDK.Editor.csproj", "{16E012D2-302E-3BC3-7991-FFA315347890}"
EndProject
Project("{FAE04EC0-301F-11D3-BF4B-00C04F79EFBC}") = "Oculus.Platform.Editor", "Oculus.Platform.Editor.csproj", "{13F0F635-4CDD-7E14-9472-C15AF2D6D54F}"
EndProject
Project("{FAE04EC0-301F-11D3-BF4B-00C04F79EFBC}") = "Oculus.AudioManager.Audio.Editor", "Oculus.AudioManager.Audio.Editor.csproj", "{A1F74375-D8C7-4CE7-1DE9-5AFA6421BAB7}"
EndProject
Project("{FAE04EC0-301F-11D3-BF4B-00C04F79EFBC}") = "Oculus.Interaction.InterfaceSupport", "Oculus.Interaction.InterfaceSupport.csproj", "{9965683B-B3FC-18B0-6C3D-82DC4F2FF8CE}"
EndProject
Project("{FAE04EC0-301F-11D3-BF4B-00C04F79EFBC}") = "Oculus.VR.Scripts.Editor", "Oculus.VR.Scripts.Editor.csproj", "{DE4A2981-06EC-0897-C082-9D6587C25FC9}"
EndProject
Project("{FAE04EC0-301F-11D3-BF4B-00C04F79EFBC}") = "Oculus.LipSync.Editor", "Oculus.LipSync.Editor.csproj", "{3BD2D3EA-9677-3B05-60A4-921F90C435DC}"
EndProject
Project("{FAE04EC0-301F-11D3-BF4B-00C04F79EFBC}") = "AssistantCoreSDKEditor", "AssistantCoreSDKEditor.csproj", "{7932B8DA-96EC-6A1E-2B45-66D0DCA1BDD2}"
EndProject
Project("{FAE04EC0-301F-11D3-BF4B-00C04F79EFBC}") = "Oculus.AudioManager.Utils.Editor", "Oculus.AudioManager.Utils.Editor.csproj", "{C57A5917-EBE9-E728-2A05-5973AE7E2C4E}"
EndProject
Global
	GlobalSection(SolutionConfigurationPlatforms) = preSolution
		Debug|Any CPU = Debug|Any CPU
		Release|Any CPU = Release|Any CPU
	EndGlobalSection
	GlobalSection(ProjectConfigurationPlatforms) = postSolution
		{1EEB108A-1AEB-3679-B30E-2FF90B346BC9}.Debug|Any CPU.ActiveCfg = Debug|Any CPU
		{1EEB108A-1AEB-3679-B30E-2FF90B346BC9}.Debug|Any CPU.Build.0 = Debug|Any CPU
		{1EEB108A-1AEB-3679-B30E-2FF90B346BC9}.Release|Any CPU.ActiveCfg = Release|Any CPU
		{1EEB108A-1AEB-3679-B30E-2FF90B346BC9}.Release|Any CPU.Build.0 = Release|Any CPU
		{86696B99-8A21-4742-2FA4-7665B137999F}.Debug|Any CPU.ActiveCfg = Debug|Any CPU
		{86696B99-8A21-4742-2FA4-7665B137999F}.Debug|Any CPU.Build.0 = Debug|Any CPU
		{86696B99-8A21-4742-2FA4-7665B137999F}.Release|Any CPU.ActiveCfg = Release|Any CPU
		{86696B99-8A21-4742-2FA4-7665B137999F}.Release|Any CPU.Build.0 = Release|Any CPU
		{4A554B47-64E2-1A78-DE81-7A4709BBB9F8}.Debug|Any CPU.ActiveCfg = Debug|Any CPU
		{4A554B47-64E2-1A78-DE81-7A4709BBB9F8}.Debug|Any CPU.Build.0 = Debug|Any CPU
		{4A554B47-64E2-1A78-DE81-7A4709BBB9F8}.Release|Any CPU.ActiveCfg = Release|Any CPU
		{4A554B47-64E2-1A78-DE81-7A4709BBB9F8}.Release|Any CPU.Build.0 = Release|Any CPU
		{3507476D-57B7-38CF-1D30-A54D78525FAA}.Debug|Any CPU.ActiveCfg = Debug|Any CPU
		{3507476D-57B7-38CF-1D30-A54D78525FAA}.Debug|Any CPU.Build.0 = Debug|Any CPU
		{3507476D-57B7-38CF-1D30-A54D78525FAA}.Release|Any CPU.ActiveCfg = Release|Any CPU
		{3507476D-57B7-38CF-1D30-A54D78525FAA}.Release|Any CPU.Build.0 = Release|Any CPU
		{17CAABD8-AA7A-04EA-AC5B-41027FEB6A27}.Debug|Any CPU.ActiveCfg = Debug|Any CPU
		{17CAABD8-AA7A-04EA-AC5B-41027FEB6A27}.Debug|Any CPU.Build.0 = Debug|Any CPU
		{17CAABD8-AA7A-04EA-AC5B-41027FEB6A27}.Release|Any CPU.ActiveCfg = Release|Any CPU
		{17CAABD8-AA7A-04EA-AC5B-41027FEB6A27}.Release|Any CPU.Build.0 = Release|Any CPU
		{CEBC7DA8-D026-3723-0A38-F31371C95690}.Debug|Any CPU.ActiveCfg = Debug|Any CPU
		{CEBC7DA8-D026-3723-0A38-F31371C95690}.Debug|Any CPU.Build.0 = Debug|Any CPU
		{CEBC7DA8-D026-3723-0A38-F31371C95690}.Release|Any CPU.ActiveCfg = Release|Any CPU
		{CEBC7DA8-D026-3723-0A38-F31371C95690}.Release|Any CPU.Build.0 = Release|Any CPU
		{0B58DA7C-1556-01D9-4669-D8C3C132DA49}.Debug|Any CPU.ActiveCfg = Debug|Any CPU
		{0B58DA7C-1556-01D9-4669-D8C3C132DA49}.Debug|Any CPU.Build.0 = Debug|Any CPU
		{0B58DA7C-1556-01D9-4669-D8C3C132DA49}.Release|Any CPU.ActiveCfg = Release|Any CPU
		{0B58DA7C-1556-01D9-4669-D8C3C132DA49}.Release|Any CPU.Build.0 = Release|Any CPU
		{40238839-A405-44E6-9CB6-0AF89D38E78F}.Debug|Any CPU.ActiveCfg = Debug|Any CPU
		{40238839-A405-44E6-9CB6-0AF89D38E78F}.Debug|Any CPU.Build.0 = Debug|Any CPU
		{40238839-A405-44E6-9CB6-0AF89D38E78F}.Release|Any CPU.ActiveCfg = Release|Any CPU
		{40238839-A405-44E6-9CB6-0AF89D38E78F}.Release|Any CPU.Build.0 = Release|Any CPU
		{51ECE09D-8029-8441-FF39-7D6585823846}.Debug|Any CPU.ActiveCfg = Debug|Any CPU
		{51ECE09D-8029-8441-FF39-7D6585823846}.Debug|Any CPU.Build.0 = Debug|Any CPU
		{51ECE09D-8029-8441-FF39-7D6585823846}.Release|Any CPU.ActiveCfg = Release|Any CPU
		{51ECE09D-8029-8441-FF39-7D6585823846}.Release|Any CPU.Build.0 = Release|Any CPU
		{581AAEF7-47D7-1DDE-FA69-62671265201F}.Debug|Any CPU.ActiveCfg = Debug|Any CPU
		{581AAEF7-47D7-1DDE-FA69-62671265201F}.Debug|Any CPU.Build.0 = Debug|Any CPU
		{581AAEF7-47D7-1DDE-FA69-62671265201F}.Release|Any CPU.ActiveCfg = Release|Any CPU
		{581AAEF7-47D7-1DDE-FA69-62671265201F}.Release|Any CPU.Build.0 = Release|Any CPU
		{26AC3252-B89F-9D9A-6495-0A60BD9F002B}.Debug|Any CPU.ActiveCfg = Debug|Any CPU
		{26AC3252-B89F-9D9A-6495-0A60BD9F002B}.Debug|Any CPU.Build.0 = Debug|Any CPU
		{26AC3252-B89F-9D9A-6495-0A60BD9F002B}.Release|Any CPU.ActiveCfg = Release|Any CPU
		{26AC3252-B89F-9D9A-6495-0A60BD9F002B}.Release|Any CPU.Build.0 = Release|Any CPU
		{FCF7BC7E-7450-CE08-9893-0486E3F5142E}.Debug|Any CPU.ActiveCfg = Debug|Any CPU
		{FCF7BC7E-7450-CE08-9893-0486E3F5142E}.Debug|Any CPU.Build.0 = Debug|Any CPU
		{FCF7BC7E-7450-CE08-9893-0486E3F5142E}.Release|Any CPU.ActiveCfg = Release|Any CPU
		{FCF7BC7E-7450-CE08-9893-0486E3F5142E}.Release|Any CPU.Build.0 = Release|Any CPU
		{EF2FB4CE-6C89-13FA-26A0-714F8B75A155}.Debug|Any CPU.ActiveCfg = Debug|Any CPU
		{EF2FB4CE-6C89-13FA-26A0-714F8B75A155}.Debug|Any CPU.Build.0 = Debug|Any CPU
		{EF2FB4CE-6C89-13FA-26A0-714F8B75A155}.Release|Any CPU.ActiveCfg = Release|Any CPU
		{EF2FB4CE-6C89-13FA-26A0-714F8B75A155}.Release|Any CPU.Build.0 = Release|Any CPU
		{BFCB1BA3-DC62-3AD7-538C-24D27BB55033}.Debug|Any CPU.ActiveCfg = Debug|Any CPU
		{BFCB1BA3-DC62-3AD7-538C-24D27BB55033}.Debug|Any CPU.Build.0 = Debug|Any CPU
		{BFCB1BA3-DC62-3AD7-538C-24D27BB55033}.Release|Any CPU.ActiveCfg = Release|Any CPU
		{BFCB1BA3-DC62-3AD7-538C-24D27BB55033}.Release|Any CPU.Build.0 = Release|Any CPU
		{7450A9D8-4F55-9E32-2A6A-777CDAF0E810}.Debug|Any CPU.ActiveCfg = Debug|Any CPU
		{7450A9D8-4F55-9E32-2A6A-777CDAF0E810}.Debug|Any CPU.Build.0 = Debug|Any CPU
		{7450A9D8-4F55-9E32-2A6A-777CDAF0E810}.Release|Any CPU.ActiveCfg = Release|Any CPU
		{7450A9D8-4F55-9E32-2A6A-777CDAF0E810}.Release|Any CPU.Build.0 = Release|Any CPU
		{38C5E817-04E3-0A20-51BC-10A61893C77C}.Debug|Any CPU.ActiveCfg = Debug|Any CPU
		{38C5E817-04E3-0A20-51BC-10A61893C77C}.Debug|Any CPU.Build.0 = Debug|Any CPU
		{38C5E817-04E3-0A20-51BC-10A61893C77C}.Release|Any CPU.ActiveCfg = Release|Any CPU
		{38C5E817-04E3-0A20-51BC-10A61893C77C}.Release|Any CPU.Build.0 = Release|Any CPU
		{699530D9-B473-4ABB-DC17-31C6CD1C6746}.Debug|Any CPU.ActiveCfg = Debug|Any CPU
		{699530D9-B473-4ABB-DC17-31C6CD1C6746}.Debug|Any CPU.Build.0 = Debug|Any CPU
		{699530D9-B473-4ABB-DC17-31C6CD1C6746}.Release|Any CPU.ActiveCfg = Release|Any CPU
		{699530D9-B473-4ABB-DC17-31C6CD1C6746}.Release|Any CPU.Build.0 = Release|Any CPU
		{16E012D2-302E-3BC3-7991-FFA315347890}.Debug|Any CPU.ActiveCfg = Debug|Any CPU
		{16E012D2-302E-3BC3-7991-FFA315347890}.Debug|Any CPU.Build.0 = Debug|Any CPU
		{16E012D2-302E-3BC3-7991-FFA315347890}.Release|Any CPU.ActiveCfg = Release|Any CPU
		{16E012D2-302E-3BC3-7991-FFA315347890}.Release|Any CPU.Build.0 = Release|Any CPU
		{13F0F635-4CDD-7E14-9472-C15AF2D6D54F}.Debug|Any CPU.ActiveCfg = Debug|Any CPU
		{13F0F635-4CDD-7E14-9472-C15AF2D6D54F}.Debug|Any CPU.Build.0 = Debug|Any CPU
		{13F0F635-4CDD-7E14-9472-C15AF2D6D54F}.Release|Any CPU.ActiveCfg = Release|Any CPU
		{13F0F635-4CDD-7E14-9472-C15AF2D6D54F}.Release|Any CPU.Build.0 = Release|Any CPU
		{A1F74375-D8C7-4CE7-1DE9-5AFA6421BAB7}.Debug|Any CPU.ActiveCfg = Debug|Any CPU
		{A1F74375-D8C7-4CE7-1DE9-5AFA6421BAB7}.Debug|Any CPU.Build.0 = Debug|Any CPU
		{A1F74375-D8C7-4CE7-1DE9-5AFA6421BAB7}.Release|Any CPU.ActiveCfg = Release|Any CPU
		{A1F74375-D8C7-4CE7-1DE9-5AFA6421BAB7}.Release|Any CPU.Build.0 = Release|Any CPU
		{9965683B-B3FC-18B0-6C3D-82DC4F2FF8CE}.Debug|Any CPU.ActiveCfg = Debug|Any CPU
		{9965683B-B3FC-18B0-6C3D-82DC4F2FF8CE}.Debug|Any CPU.Build.0 = Debug|Any CPU
		{9965683B-B3FC-18B0-6C3D-82DC4F2FF8CE}.Release|Any CPU.ActiveCfg = Release|Any CPU
		{9965683B-B3FC-18B0-6C3D-82DC4F2FF8CE}.Release|Any CPU.Build.0 = Release|Any CPU
		{DE4A2981-06EC-0897-C082-9D6587C25FC9}.Debug|Any CPU.ActiveCfg = Debug|Any CPU
		{DE4A2981-06EC-0897-C082-9D6587C25FC9}.Debug|Any CPU.Build.0 = Debug|Any CPU
		{DE4A2981-06EC-0897-C082-9D6587C25FC9}.Release|Any CPU.ActiveCfg = Release|Any CPU
		{DE4A2981-06EC-0897-C082-9D6587C25FC9}.Release|Any CPU.Build.0 = Release|Any CPU
		{3BD2D3EA-9677-3B05-60A4-921F90C435DC}.Debug|Any CPU.ActiveCfg = Debug|Any CPU
		{3BD2D3EA-9677-3B05-60A4-921F90C435DC}.Debug|Any CPU.Build.0 = Debug|Any CPU
		{3BD2D3EA-9677-3B05-60A4-921F90C435DC}.Release|Any CPU.ActiveCfg = Release|Any CPU
		{3BD2D3EA-9677-3B05-60A4-921F90C435DC}.Release|Any CPU.Build.0 = Release|Any CPU
		{7932B8DA-96EC-6A1E-2B45-66D0DCA1BDD2}.Debug|Any CPU.ActiveCfg = Debug|Any CPU
		{7932B8DA-96EC-6A1E-2B45-66D0DCA1BDD2}.Debug|Any CPU.Build.0 = Debug|Any CPU
		{7932B8DA-96EC-6A1E-2B45-66D0DCA1BDD2}.Release|Any CPU.ActiveCfg = Release|Any CPU
		{7932B8DA-96EC-6A1E-2B45-66D0DCA1BDD2}.Release|Any CPU.Build.0 = Release|Any CPU
		{C57A5917-EBE9-E728-2A05-5973AE7E2C4E}.Debug|Any CPU.ActiveCfg = Debug|Any CPU
		{C57A5917-EBE9-E728-2A05-5973AE7E2C4E}.Debug|Any CPU.Build.0 = Debug|Any CPU
		{C57A5917-EBE9-E728-2A05-5973AE7E2C4E}.Release|Any CPU.ActiveCfg = Release|Any CPU
		{C57A5917-EBE9-E728-2A05-5973AE7E2C4E}.Release|Any CPU.Build.0 = Release|Any CPU
	EndGlobalSection
	GlobalSection(SolutionProperties) = preSolution
		HideSolutionNode = FALSE
	EndGlobalSection
EndGlobal
